
Microsoft Visual Studio Solution File, Format Version 12.00
# Visual Studio Version 17
VisualStudioVersion = 17.3.32901.215
MinimumVisualStudioVersion = 10.0.40219.1
Project("{2150E333-8FDC-42A3-9474-1A3956D46DE8}") = "API", "API", "{DD874553-A2E0-490F-A8A6-2F0634DBC81C}"
EndProject
Project("{2150E333-8FDC-42A3-9474-1A3956D46DE8}") = "Web", "Web", "{6D5510B4-E942-4504-ACB9-53BA22D646E5}"
EndProject
Project("{9A19103F-16F7-4668-BE54-9A1E7A4F7556}") = "AlbumAPI", "..\aspnetpracticalAPI\AlbumAPI.csproj", "{3CACF687-A11F-4F25-BF9B-E441FF26A977}"
EndProject
Project("{9A19103F-16F7-4668-BE54-9A1E7A4F7556}") = "MusicWebApp", "..\MusicWebApp\MusicWebApp.csproj", "{03911AA2-1D3E-48EE-9025-8478A85E317C}"
EndProject
Project("{FAE04EC0-301F-11D3-BF4B-00C04F79EFBC}") = "Album.Data", "..\Album.Data\Album.Data.csproj", "{15C56B0B-EF4A-4CE5-8D5E-381A5492EB98}"
EndProject
Project("{FAE04EC0-301F-11D3-BF4B-00C04F79EFBC}") = "Album.Business", "..\Album.Business\Album.Business.csproj", "{9063D007-9C31-4B15-B5F3-4DB5A181BA1A}"
EndProject
Project("{FAE04EC0-301F-11D3-BF4B-00C04F79EFBC}") = "Album.Service", "..\Album.Service\Album.Service.csproj", "{EB746FF9-B9C7-45F2-910A-A9B75D9EC161}"
EndProject
Project("{FAE04EC0-301F-11D3-BF4B-00C04F79EFBC}") = "Album.BusinessLogic", "..\Album.BusinessLogic\Album.BusinessLogic.csproj", "{AFF4D4B8-8FF3-4E9D-AEBB-B5041079CBA9}"
EndProject
Global
	GlobalSection(SolutionConfigurationPlatforms) = preSolution
		Debug|Any CPU = Debug|Any CPU
		QA|Any CPU = QA|Any CPU
		Release|Any CPU = Release|Any CPU
	EndGlobalSection
	GlobalSection(ProjectConfigurationPlatforms) = postSolution
		{3CACF687-A11F-4F25-BF9B-E441FF26A977}.Debug|Any CPU.ActiveCfg = Debug|Any CPU
		{3CACF687-A11F-4F25-BF9B-E441FF26A977}.Debug|Any CPU.Build.0 = Debug|Any CPU
		{3CACF687-A11F-4F25-BF9B-E441FF26A977}.QA|Any CPU.ActiveCfg = QA|Any CPU
		{3CACF687-A11F-4F25-BF9B-E441FF26A977}.QA|Any CPU.Build.0 = QA|Any CPU
		{3CACF687-A11F-4F25-BF9B-E441FF26A977}.Release|Any CPU.ActiveCfg = Release|Any CPU
		{3CACF687-A11F-4F25-BF9B-E441FF26A977}.Release|Any CPU.Build.0 = Release|Any CPU
		{03911AA2-1D3E-48EE-9025-8478A85E317C}.Debug|Any CPU.ActiveCfg = Debug|Any CPU
		{03911AA2-1D3E-48EE-9025-8478A85E317C}.Debug|Any CPU.Build.0 = Debug|Any CPU
		{03911AA2-1D3E-48EE-9025-8478A85E317C}.QA|Any CPU.ActiveCfg = Debug|Any CPU
		{03911AA2-1D3E-48EE-9025-8478A85E317C}.QA|Any CPU.Build.0 = Debug|Any CPU
		{03911AA2-1D3E-48EE-9025-8478A85E317C}.Release|Any CPU.ActiveCfg = Release|Any CPU
		{03911AA2-1D3E-48EE-9025-8478A85E317C}.Release|Any CPU.Build.0 = Release|Any CPU
		{15C56B0B-EF4A-4CE5-8D5E-381A5492EB98}.Debug|Any CPU.ActiveCfg = Debug|Any CPU
		{15C56B0B-EF4A-4CE5-8D5E-381A5492EB98}.Debug|Any CPU.Build.0 = Debug|Any CPU
		{15C56B0B-EF4A-4CE5-8D5E-381A5492EB98}.QA|Any CPU.ActiveCfg = Debug|Any CPU
		{15C56B0B-EF4A-4CE5-8D5E-381A5492EB98}.QA|Any CPU.Build.0 = Debug|Any CPU
		{15C56B0B-EF4A-4CE5-8D5E-381A5492EB98}.Release|Any CPU.ActiveCfg = Release|Any CPU
		{15C56B0B-EF4A-4CE5-8D5E-381A5492EB98}.Release|Any CPU.Build.0 = Release|Any CPU
		{9063D007-9C31-4B15-B5F3-4DB5A181BA1A}.Debug|Any CPU.ActiveCfg = Debug|Any CPU
		{9063D007-9C31-4B15-B5F3-4DB5A181BA1A}.Debug|Any CPU.Build.0 = Debug|Any CPU
		{9063D007-9C31-4B15-B5F3-4DB5A181BA1A}.QA|Any CPU.ActiveCfg = Debug|Any CPU
		{9063D007-9C31-4B15-B5F3-4DB5A181BA1A}.QA|Any CPU.Build.0 = Debug|Any CPU
		{9063D007-9C31-4B15-B5F3-4DB5A181BA1A}.Release|Any CPU.ActiveCfg = Release|Any CPU
		{9063D007-9C31-4B15-B5F3-4DB5A181BA1A}.Release|Any CPU.Build.0 = Release|Any CPU
		{EB746FF9-B9C7-45F2-910A-A9B75D9EC161}.Debug|Any CPU.ActiveCfg = Debug|Any CPU
		{EB746FF9-B9C7-45F2-910A-A9B75D9EC161}.Debug|Any CPU.Build.0 = Debug|Any CPU
		{EB746FF9-B9C7-45F2-910A-A9B75D9EC161}.QA|Any CPU.ActiveCfg = Debug|Any CPU
		{EB746FF9-B9C7-45F2-910A-A9B75D9EC161}.QA|Any CPU.Build.0 = Debug|Any CPU
		{EB746FF9-B9C7-45F2-910A-A9B75D9EC161}.Release|Any CPU.ActiveCfg = Release|Any CPU
		{EB746FF9-B9C7-45F2-910A-A9B75D9EC161}.Release|Any CPU.Build.0 = Release|Any CPU
		{AFF4D4B8-8FF3-4E9D-AEBB-B5041079CBA9}.Debug|Any CPU.ActiveCfg = Debug|Any CPU
		{AFF4D4B8-8FF3-4E9D-AEBB-B5041079CBA9}.Debug|Any CPU.Build.0 = Debug|Any CPU
		{AFF4D4B8-8FF3-4E9D-AEBB-B5041079CBA9}.QA|Any CPU.ActiveCfg = Debug|Any CPU
		{AFF4D4B8-8FF3-4E9D-AEBB-B5041079CBA9}.QA|Any CPU.Build.0 = Debug|Any CPU
		{AFF4D4B8-8FF3-4E9D-AEBB-B5041079CBA9}.Release|Any CPU.ActiveCfg = Release|Any CPU
		{AFF4D4B8-8FF3-4E9D-AEBB-B5041079CBA9}.Release|Any CPU.Build.0 = Release|Any CPU
	EndGlobalSection
	GlobalSection(SolutionProperties) = preSolution
		HideSolutionNode = FALSE
	EndGlobalSection
	GlobalSection(NestedProjects) = preSolution
		{3CACF687-A11F-4F25-BF9B-E441FF26A977} = {DD874553-A2E0-490F-A8A6-2F0634DBC81C}
		{03911AA2-1D3E-48EE-9025-8478A85E317C} = {6D5510B4-E942-4504-ACB9-53BA22D646E5}
		{15C56B0B-EF4A-4CE5-8D5E-381A5492EB98} = {DD874553-A2E0-490F-A8A6-2F0634DBC81C}
		{9063D007-9C31-4B15-B5F3-4DB5A181BA1A} = {DD874553-A2E0-490F-A8A6-2F0634DBC81C}
		{EB746FF9-B9C7-45F2-910A-A9B75D9EC161} = {6D5510B4-E942-4504-ACB9-53BA22D646E5}
		{AFF4D4B8-8FF3-4E9D-AEBB-B5041079CBA9} = {6D5510B4-E942-4504-ACB9-53BA22D646E5}
	EndGlobalSection
	GlobalSection(ExtensibilityGlobals) = postSolution
		SolutionGuid = {F5A538E5-0D0F-49A5-8F68-065C7495DD89}
	EndGlobalSection
EndGlobal
